// !$*UTF8*$!
{
	archiveVersion = 1;
	classes = {
	};
	objectVersion = 50;
	objects = {

/* Begin PBXBuildFile section */
		FAA939CC25635BC800BCF865 /* AppDelegate.swift in Sources */ = {isa = PBXBuildFile; fileRef = FAA939CB25635BC800BCF865 /* AppDelegate.swift */; };
		FAA939CE25635BC800BCF865 /* SceneDelegate.swift in Sources */ = {isa = PBXBuildFile; fileRef = FAA939CD25635BC800BCF865 /* SceneDelegate.swift */; };
		FAA939D025635BC800BCF865 /* ViewController.swift in Sources */ = {isa = PBXBuildFile; fileRef = FAA939CF25635BC800BCF865 /* ViewController.swift */; };
		FAA939D325635BC800BCF865 /* Main.storyboard in Resources */ = {isa = PBXBuildFile; fileRef = FAA939D125635BC800BCF865 /* Main.storyboard */; };
		FAA939D525635BCA00BCF865 /* Assets.xcassets in Resources */ = {isa = PBXBuildFile; fileRef = FAA939D425635BCA00BCF865 /* Assets.xcassets */; };
		FAA939D825635BCA00BCF865 /* LaunchScreen.storyboard in Resources */ = {isa = PBXBuildFile; fileRef = FAA939D625635BCA00BCF865 /* LaunchScreen.storyboard */; };
/* End PBXBuildFile section */

/* Begin PBXFileReference section */
		FAA939C825635BC800BCF865 /* youtube-OneDayBuild-CWC.app */ = {isa = PBXFileReference; explicitFileType = wrapper.application; includeInIndex = 0; path = "youtube-OneDayBuild-CWC.app"; sourceTree = BUILT_PRODUCTS_DIR; };
		FAA939CB25635BC800BCF865 /* AppDelegate.swift */ = {isa = PBXFileReference; lastKnownFileType = sourcecode.swift; path = AppDelegate.swift; sourceTree = "<group>"; };
		FAA939CD25635BC800BCF865 /* SceneDelegate.swift */ = {isa = PBXFileReference; lastKnownFileType = sourcecode.swift; path = SceneDelegate.swift; sourceTree = "<group>"; };
		FAA939CF25635BC800BCF865 /* ViewController.swift */ = {isa = PBXFileReference; lastKnownFileType = sourcecode.swift; path = ViewController.swift; sourceTree = "<group>"; };
		FAA939D225635BC800BCF865 /* Base */ = {isa = PBXFileReference; lastKnownFileType = file.storyboard; name = Base; path = Base.lproj/Main.storyboard; sourceTree = "<group>"; };
		FAA939D425635BCA00BCF865 /* Assets.xcassets */ = {isa = PBXFileReference; lastKnownFileType = folder.assetcatalog; path = Assets.xcassets; sourceTree = "<group>"; };
		FAA939D725635BCA00BCF865 /* Base */ = {isa = PBXFileReference; lastKnownFileType = file.storyboard; name = Base; path = Base.lproj/LaunchScreen.storyboard; sourceTree = "<group>"; };
		FAA939D925635BCA00BCF865 /* Info.plist */ = {isa = PBXFileReference; lastKnownFileType = text.plist.xml; path = Info.plist; sourceTree = "<group>"; };
/* End PBXFileReference section */

/* Begin PBXFrameworksBuildPhase section */
		FAA939C525635BC800BCF865 /* Frameworks */ = {
			isa = PBXFrameworksBuildPhase;
			buildActionMask = 2147483647;
			files = (
			);
			runOnlyForDeploymentPostprocessing = 0;
		};
/* End PBXFrameworksBuildPhase section */

/* Begin PBXGroup section */
		FAA939BF25635BC800BCF865 = {
			isa = PBXGroup;
			children = (
				FAA939CA25635BC800BCF865 /* youtube-OneDayBuild-CWC */,
				FAA939C925635BC800BCF865 /* Products */,
			);
			sourceTree = "<group>";
		};
		FAA939C925635BC800BCF865 /* Products */ = {
			isa = PBXGroup;
			children = (
				FAA939C825635BC800BCF865 /* youtube-OneDayBuild-CWC.app */,
			);
			name = Products;
			sourceTree = "<group>";
		};
		FAA939CA25635BC800BCF865 /* youtube-OneDayBuild-CWC */ = {
			isa = PBXGroup;
			children = (
				FAA939CB25635BC800BCF865 /* AppDelegate.swift */,
				FAA939CD25635BC800BCF865 /* SceneDelegate.swift */,
				FAA939CF25635BC800BCF865 /* ViewController.swift */,
				FAA939D125635BC800BCF865 /* Main.storyboard */,
				FAA939D425635BCA00BCF865 /* Assets.xcassets */,
				FAA939D625635BCA00BCF865 /* LaunchScreen.storyboard */,
				FAA939D925635BCA00BCF865 /* Info.plist */,
			);
			path = "youtube-OneDayBuild-CWC";
			sourceTree = "<group>";
		};
/* End PBXGroup section */

/* Begin PBXNativeTarget section */
		FAA939C725635BC800BCF865 /* youtube-OneDayBuild-CWC */ = {
			isa = PBXNativeTarget;
			buildConfigurationList = FAA939DC25635BCA00BCF865 /* Build configuration list for PBXNativeTarget "youtube-OneDayBuild-CWC" */;
			buildPhases = (
				FAA939C425635BC800BCF865 /* Sources */,
				FAA939C525635BC800BCF865 /* Frameworks */,
				FAA939C625635BC800BCF865 /* Resources */,
			);
			buildRules = (
			);
			dependencies = (
			);
			name = "youtube-OneDayBuild-CWC";
			productName = "youtube-OneDayBuild-CWC";
			productReference = FAA939C825635BC800BCF865 /* youtube-OneDayBuild-CWC.app */;
			productType = "com.apple.product-type.application";
		};
/* End PBXNativeTarget section */

/* Begin PBXProject section */
		FAA939C025635BC800BCF865 /* Project object */ = {
			isa = PBXProject;
			attributes = {
				LastSwiftUpdateCheck = 1220;
				LastUpgradeCheck = 1220;
				TargetAttributes = {
					FAA939C725635BC800BCF865 = {
						CreatedOnToolsVersion = 12.2;
					};
				};
			};
			buildConfigurationList = FAA939C325635BC800BCF865 /* Build configuration list for PBXProject "youtube-OneDayBuild-CWC" */;
			compatibilityVersion = "Xcode 9.3";
			developmentRegion = en;
			hasScannedForEncodings = 0;
			knownRegions = (
				en,
				Base,
			);
			mainGroup = FAA939BF25635BC800BCF865;
			productRefGroup = FAA939C925635BC800BCF865 /* Products */;
			projectDirPath = "";
			projectRoot = "";
			targets = (
				FAA939C725635BC800BCF865 /* youtube-OneDayBuild-CWC */,
			);
		};
/* End PBXProject section */

/* Begin PBXResourcesBuildPhase section */
		FAA939C625635BC800BCF865 /* Resources */ = {
			isa = PBXResourcesBuildPhase;
			buildActionMask = 2147483647;
			files = (
				FAA939D825635BCA00BCF865 /* LaunchScreen.storyboard in Resources */,
				FAA939D525635BCA00BCF865 /* Assets.xcassets in Resources */,
				FAA939D325635BC800BCF865 /* Main.storyboard in Resources */,
			);
			runOnlyForDeploymentPostprocessing = 0;
		};
/* End PBXResourcesBuildPhase section */

/* Begin PBXSourcesBuildPhase section */
		FAA939C425635BC800BCF865 /* Sources */ = {
			isa = PBXSourcesBuildPhase;
			buildActionMask = 2147483647;
			files = (
				FAA939D025635BC800BCF865 /* ViewController.swift in Sources */,
				FAA939CC25635BC800BCF865 /* AppDelegate.swift in Sources */,
				FAA939CE25635BC800BCF865 /* SceneDelegate.swift in Sources */,
			);
			runOnlyForDeploymentPostprocessing = 0;
		};
/* End PBXSourcesBuildPhase section */

/* Begin PBXVariantGroup section */
		FAA939D125635BC800BCF865 /* Main.storyboard */ = {
			isa = PBXVariantGroup;
			children = (
				FAA939D225635BC800BCF865 /* Base */,
			);
			name = Main.storyboard;
			sourceTree = "<group>";
		};
		FAA939D625635BCA00BCF865 /* LaunchScreen.storyboard */ = {
			isa = PBXVariantGroup;
			children = (
				FAA939D725635BCA00BCF865 /* Base */,
			);
			name = LaunchScreen.storyboard;
			sourceTree = "<group>";
		};
/* End PBXVariantGroup section */

/* Begin XCBuildConfiguration section */
		FAA939DA25635BCA00BCF865 /* Debug */ = {
			isa = XCBuildConfiguration;
			buildSettings = {
				ALWAYS_SEARCH_USER_PATHS = NO;
				CLANG_ANALYZER_NONNULL = YES;
				CLANG_ANALYZER_NUMBER_OBJECT_CONVERSION = YES_AGGRESSIVE;
				CLANG_CXX_LANGUAGE_STANDARD = "gnu++14";
				CLANG_CXX_LIBRARY = "libc++";
				CLANG_ENABLE_MODULES = YES;
				CLANG_ENABLE_OBJC_ARC = YES;
				CLANG_ENABLE_OBJC_WEAK = YES;
				CLANG_WARN_BLOCK_CAPTURE_AUTORELEASING = YES;
				CLANG_WARN_BOOL_CONVERSION = YES;
				CLANG_WARN_COMMA = YES;
				CLANG_WARN_CONSTANT_CONVERSION = YES;
				CLANG_WARN_DEPRECATED_OBJC_IMPLEMENTATIONS = YES;
				CLANG_WARN_DIRECT_OBJC_ISA_USAGE = YES_ERROR;
				CLANG_WARN_DOCUMENTATION_COMMENTS = YES;
				CLANG_WARN_EMPTY_BODY = YES;
				CLANG_WARN_ENUM_CONVERSION = YES;
				CLANG_WARN_INFINITE_RECURSION = YES;
				CLANG_WARN_INT_CONVERSION = YES;
				CLANG_WARN_NON_LITERAL_NULL_CONVERSION = YES;
				CLANG_WARN_OBJC_IMPLICIT_RETAIN_SELF = YES;
				CLANG_WARN_OBJC_LITERAL_CONVERSION = YES;
				CLANG_WARN_OBJC_ROOT_CLASS = YES_ERROR;
				CLANG_WARN_QUOTED_INCLUDE_IN_FRAMEWORK_HEADER = YES;
				CLANG_WARN_RANGE_LOOP_ANALYSIS = YES;
				CLANG_WARN_STRICT_PROTOTYPES = YES;
				CLANG_WARN_SUSPICIOUS_MOVE = YES;
				CLANG_WARN_UNGUARDED_AVAILABILITY = YES_AGGRESSIVE;
				CLANG_WARN_UNREACHABLE_CODE = YES;
				CLANG_WARN__DUPLICATE_METHOD_MATCH = YES;
				COPY_PHASE_STRIP = NO;
				DEBUG_INFORMATION_FORMAT = dwarf;
				ENABLE_STRICT_OBJC_MSGSEND = YES;
				ENABLE_TESTABILITY = YES;
				GCC_C_LANGUAGE_STANDARD = gnu11;
				GCC_DYNAMIC_NO_PIC = NO;
				GCC_NO_COMMON_BLOCKS = YES;
				GCC_OPTIMIZATION_LEVEL = 0;
				GCC_PREPROCESSOR_DEFINITIONS = (
					"DEBUG=1",
					"$(inherited)",
				);
				GCC_WARN_64_TO_32_BIT_CONVERSION = YES;
				GCC_WARN_ABOUT_RETURN_TYPE = YES_ERROR;
				GCC_WARN_UNDECLARED_SELECTOR = YES;
				GCC_WARN_UNINITIALIZED_AUTOS = YES_AGGRESSIVE;
				GCC_WARN_UNUSED_FUNCTION = YES;
				GCC_WARN_UNUSED_VARIABLE = YES;
				IPHONEOS_DEPLOYMENT_TARGET = 14.2;
				MTL_ENABLE_DEBUG_INFO = INCLUDE_SOURCE;
				MTL_FAST_MATH = YES;
				ONLY_ACTIVE_ARCH = YES;
				SDKROOT = iphoneos;
				SWIFT_ACTIVE_COMPILATION_CONDITIONS = DEBUG;
				SWIFT_OPTIMIZATION_LEVEL = "-Onone";
			};
			name = Debug;
		};
		FAA939DB25635BCA00BCF865 /* Release */ = {
			isa = XCBuildConfiguration;
			buildSettings = {
				ALWAYS_SEARCH_USER_PATHS = NO;
				CLANG_ANALYZER_NONNULL = YES;
				CLANG_ANALYZER_NUMBER_OBJECT_CONVERSION = YES_AGGRESSIVE;
				CLANG_CXX_LANGUAGE_STANDARD = "gnu++14";
				CLANG_CXX_LIBRARY = "libc++";
				CLANG_ENABLE_MODULES = YES;
				CLANG_ENABLE_OBJC_ARC = YES;
				CLANG_ENABLE_OBJC_WEAK = YES;
				CLANG_WARN_BLOCK_CAPTURE_AUTORELEASING = YES;
				CLANG_WARN_BOOL_CONVERSION = YES;
				CLANG_WARN_COMMA = YES;
				CLANG_WARN_CONSTANT_CONVERSION = YES;
				CLANG_WARN_DEPRECATED_OBJC_IMPLEMENTATIONS = YES;
				CLANG_WARN_DIRECT_OBJC_ISA_USAGE = YES_ERROR;
				CLANG_WARN_DOCUMENTATION_COMMENTS = YES;
				CLANG_WARN_EMPTY_BODY = YES;
				CLANG_WARN_ENUM_CONVERSION = YES;
				CLANG_WARN_INFINITE_RECURSION = YES;
				CLANG_WARN_INT_CONVERSION = YES;
				CLANG_WARN_NON_LITERAL_NULL_CONVERSION = YES;
				CLANG_WARN_OBJC_IMPLICIT_RETAIN_SELF = YES;
				CLANG_WARN_OBJC_LITERAL_CONVERSION = YES;
				CLANG_WARN_OBJC_ROOT_CLASS = YES_ERROR;
				CLANG_WARN_QUOTED_INCLUDE_IN_FRAMEWORK_HEADER = YES;
				CLANG_WARN_RANGE_LOOP_ANALYSIS = YES;
				CLANG_WARN_STRICT_PROTOTYPES = YES;
				CLANG_WARN_SUSPICIOUS_MOVE = YES;
				CLANG_WARN_UNGUARDED_AVAILABILITY = YES_AGGRESSIVE;
				CLANG_WARN_UNREACHABLE_CODE = YES;
				CLANG_WARN__DUPLICATE_METHOD_MATCH = YES;
				COPY_PHASE_STRIP = NO;
				DEBUG_INFORMATION_FORMAT = "dwarf-with-dsym";
				ENABLE_NS_ASSERTIONS = NO;
				ENABLE_STRICT_OBJC_MSGSEND = YES;
				GCC_C_LANGUAGE_STANDARD = gnu11;
				GCC_NO_COMMON_BLOCKS = YES;
				GCC_WARN_64_TO_32_BIT_CONVERSION = YES;
				GCC_WARN_ABOUT_RETURN_TYPE = YES_ERROR;
				GCC_WARN_UNDECLARED_SELECTOR = YES;
				GCC_WARN_UNINITIALIZED_AUTOS = YES_AGGRESSIVE;
				GCC_WARN_UNUSED_FUNCTION = YES;
				GCC_WARN_UNUSED_VARIABLE = YES;
				IPHONEOS_DEPLOYMENT_TARGET = 14.2;
				MTL_ENABLE_DEBUG_INFO = NO;
				MTL_FAST_MATH = YES;
				SDKROOT = iphoneos;
				SWIFT_COMPILATION_MODE = wholemodule;
				SWIFT_OPTIMIZATION_LEVEL = "-O";
				VALIDATE_PRODUCT = YES;
			};
			name = Release;
		};
		FAA939DD25635BCA00BCF865 /* Debug */ = {
			isa = XCBuildConfiguration;
			buildSettings = {
				ASSETCATALOG_COMPILER_APPICON_NAME = AppIcon;
				ASSETCATALOG_COMPILER_GLOBAL_ACCENT_COLOR_NAME = AccentColor;
				CODE_SIGN_STYLE = Automatic;
				DEVELOPMENT_TEAM = YQ69KMC87V;
				INFOPLIST_FILE = "youtube-OneDayBuild-CWC/Info.plist";
				LD_RUNPATH_SEARCH_PATHS = (
					"$(inherited)",
					"@executable_path/Frameworks",
				);
				PRODUCT_BUNDLE_IDENTIFIER = "com.wilmarodriguez.youtube-OneDayBuild-CWC";
				PRODUCT_NAME = "$(TARGET_NAME)";
				SWIFT_VERSION = 5.0;
				TARGETED_DEVICE_FAMILY = "1,2";
			};
			name = Debug;
		};
		FAA939DE25635BCA00BCF865 /* Release */ = {
			isa = XCBuildConfiguration;
			buildSettings = {
				ASSETCATALOG_COMPILER_APPICON_NAME = AppIcon;
				ASSETCATALOG_COMPILER_GLOBAL_ACCENT_COLOR_NAME = AccentColor;
				CODE_SIGN_STYLE = Automatic;
				DEVELOPMENT_TEAM = YQ69KMC87V;
				INFOPLIST_FILE = "youtube-OneDayBuild-CWC/Info.plist";
				LD_RUNPATH_SEARCH_PATHS = (
					"$(inherited)",
					"@executable_path/Frameworks",
				);
				PRODUCT_BUNDLE_IDENTIFIER = "com.wilmarodriguez.youtube-OneDayBuild-CWC";
				PRODUCT_NAME = "$(TARGET_NAME)";
				SWIFT_VERSION = 5.0;
				TARGETED_DEVICE_FAMILY = "1,2";
			};
			name = Release;
		};
/* End XCBuildConfiguration section */

/* Begin XCConfigurationList section */
		FAA939C325635BC800BCF865 /* Build configuration list for PBXProject "youtube-OneDayBuild-CWC" */ = {
			isa = XCConfigurationList;
			buildConfigurations = (
				FAA939DA25635BCA00BCF865 /* Debug */,
				FAA939DB25635BCA00BCF865 /* Release */,
			);
			defaultConfigurationIsVisible = 0;
			defaultConfigurationName = Release;
		};
		FAA939DC25635BCA00BCF865 /* Build configuration list for PBXNativeTarget "youtube-OneDayBuild-CWC" */ = {
			isa = XCConfigurationList;
			buildConfigurations = (
				FAA939DD25635BCA00BCF865 /* Debug */,
				FAA939DE25635BCA00BCF865 /* Release */,
			);
			defaultConfigurationIsVisible = 0;
			defaultConfigurationName = Release;
		};
/* End XCConfigurationList section */
	};
	rootObject = FAA939C025635BC800BCF865 /* Project object */;
}
